{
  "name": "minecraft-docker",
  "version": "1.0.0",
  "lockfileVersion": 2,
  "requires": true,
  "packages": {
    "": {
      "name": "minecraft-docker",
      "version": "1.0.0",
      "license": "ISC",
      "dependencies": {
        "node-curseforge": "^1.0.3"
      }
    },
    "node_modules/node-curseforge": {
      "version": "1.0.3",
      "resolved": "https://registry.npmjs.org/node-curseforge/-/node-curseforge-1.0.3.tgz",
      "integrity": "sha512-9GECDw0eE81tZbwWNCiaAmAbWwE3dWW3g4DO3e2gHwEk6ONuLLYWRxbeKlOqcqqm5nUk51LezyY8q1lC/JyfNw=="
    }
  },
  "dependencies": {
    "node-curseforge": {
      "version": "1.0.3",
      "resolved": "https://registry.npmjs.org/node-curseforge/-/node-curseforge-1.0.3.tgz",
      "integrity": "sha512-9GECDw0eE81tZbwWNCiaAmAbWwE3dWW3g4DO3e2gHwEk6ONuLLYWRxbeKlOqcqqm5nUk51LezyY8q1lC/JyfNw=="
    }
  }
}
